
Microsoft Visual Studio Solution File, Format Version 12.00
# Visual Studio Version 17
VisualStudioVersion = 17.11.35327.3
MinimumVisualStudioVersion = 10.0.40219.1
Project("{FAE04EC0-301F-11D3-BF4B-00C04F79EFBC}") = "UDP_Protocol", "UDP_Protocol\UDP_Protocol.csproj", "{63940F4D-07E1-4164-BD5E-51A07FDE09D8}"
EndProject
Project("{FAE04EC0-301F-11D3-BF4B-00C04F79EFBC}") = "UDP_Protocol2", "UDP_Protocol2\UDP_Protocol2.csproj", "{AD62D367-4C74-475B-B13B-FCE0428F9813}"
EndProject
Global
	GlobalSection(SolutionConfigurationPlatforms) = preSolution
		Debug|Any CPU = Debug|Any CPU
		Release|Any CPU = Release|Any CPU
	EndGlobalSection
	GlobalSection(ProjectConfigurationPlatforms) = postSolution
		{63940F4D-07E1-4164-BD5E-51A07FDE09D8}.Debug|Any CPU.ActiveCfg = Debug|Any CPU
		{63940F4D-07E1-4164-BD5E-51A07FDE09D8}.Debug|Any CPU.Build.0 = Debug|Any CPU
		{63940F4D-07E1-4164-BD5E-51A07FDE09D8}.Release|Any CPU.ActiveCfg = Release|Any CPU
		{63940F4D-07E1-4164-BD5E-51A07FDE09D8}.Release|Any CPU.Build.0 = Release|Any CPU
		{AD62D367-4C74-475B-B13B-FCE0428F9813}.Debug|Any CPU.ActiveCfg = Debug|Any CPU
		{AD62D367-4C74-475B-B13B-FCE0428F9813}.Debug|Any CPU.Build.0 = Debug|Any CPU
		{AD62D367-4C74-475B-B13B-FCE0428F9813}.Release|Any CPU.ActiveCfg = Release|Any CPU
		{AD62D367-4C74-475B-B13B-FCE0428F9813}.Release|Any CPU.Build.0 = Release|Any CPU
	EndGlobalSection
	GlobalSection(SolutionProperties) = preSolution
		HideSolutionNode = FALSE
	EndGlobalSection
	GlobalSection(ExtensibilityGlobals) = postSolution
		SolutionGuid = {5D8B6CCA-1007-4C85-A87C-E4A0D2B4AD2B}
	EndGlobalSection
EndGlobal
